# This is a Gradle generated file for dependency locking.
# Manual edits can break the build and are not advised.
# This file is expected to be part of source control.
androidx.activity:activity-compose:1.13.0=releaseRuntimeClasspath
androidx.activity:activity-ktx:1.13.0=releaseRuntimeClasspath
androidx.activity:activity:1.13.0=releaseRuntimeClasspath
androidx.annotation:annotation-experimental:1.4.1=releaseRuntimeClasspath
androidx.annotation:annotation-jvm:1.9.1=releaseRuntimeClasspath
androidx.annotation:annotation:1.9.1=releaseRuntimeClasspath
androidx.appcompat:appcompat-resources:1.7.1=releaseRuntimeClasspath
androidx.appcompat:appcompat:1.7.1=releaseRuntimeClasspath
androidx.arch.core:core-common:2.2.0=releaseRuntimeClasspath
androidx.arch.core:core-runtime:2.2.0=releaseRuntimeClasspath
androidx.autofill:autofill:1.0.0=releaseRuntimeClasspath
androidx.collection:collection-jvm:1.5.0=releaseRuntimeClasspath
androidx.collection:collection-ktx:1.5.0=releaseRuntimeClasspath
androidx.collection:collection:1.5.0=releaseRuntimeClasspath
androidx.compose.animation:animation-android:1.11.4=releaseRuntimeClasspath
androidx.compose.animation:animation-core-android:1.11.4=releaseRuntimeClasspath
androidx.compose.animation:animation-core:1.11.4=releaseRuntimeClasspath
androidx.compose.animation:animation:1.11.4=releaseRuntimeClasspath
androidx.compose.foundation:foundation-android:1.11.4=releaseRuntimeClasspath
androidx.compose.foundation:foundation-layout-android:1.11.4=releaseRuntimeClasspath
androidx.compose.foundation:foundation-layout:1.11.4=releaseRuntimeClasspath
androidx.compose.foundation:foundation:1.11.4=releaseRuntimeClasspath
androidx.compose.material3:material3-android:1.4.0=releaseRuntimeClasspath
androidx.compose.material3:material3:1.4.0=releaseRuntimeClasspath
androidx.compose.material:material-ripple-android:1.11.4=releaseRuntimeClasspath
androidx.compose.material:material-ripple:1.11.4=releaseRuntimeClasspath
androidx.compose.runtime:runtime-android:1.11.4=releaseRuntimeClasspath
androidx.compose.runtime:runtime-annotation-android:1.11.4=releaseRuntimeClasspath
androidx.compose.runtime:runtime-annotation:1.11.4=releaseRuntimeClasspath
androidx.compose.runtime:runtime-retain-android:1.11.4=releaseRuntimeClasspath
androidx.compose.runtime:runtime-retain:1.11.4=releaseRuntimeClasspath
androidx.compose.runtime:runtime-saveable-android:1.11.4=releaseRuntimeClasspath
androidx.compose.runtime:runtime-saveable:1.11.4=releaseRuntimeClasspath
androidx.compose.runtime:runtime:1.11.4=releaseRuntimeClasspath
androidx.compose.ui:ui-android:1.11.4=releaseRuntimeClasspath
androidx.compose.ui:ui-geometry-android:1.11.4=releaseRuntimeClasspath
androidx.compose.ui:ui-geometry:1.11.4=releaseRuntimeClasspath
androidx.compose.ui:ui-graphics-android:1.11.4=releaseRuntimeClasspath
androidx.compose.ui:ui-graphics:1.11.4=releaseRuntimeClasspath
androidx.compose.ui:ui-text-android:1.11.4=releaseRuntimeClasspath
androidx.compose.ui:ui-text:1.11.4=releaseRuntimeClasspath
androidx.compose.ui:ui-unit-android:1.11.4=releaseRuntimeClasspath
androidx.compose.ui:ui-unit:1.11.4=releaseRuntimeClasspath
androidx.compose.ui:ui-util-android:1.11.4=releaseRuntimeClasspath
androidx.compose.ui:ui-util:1.11.4=releaseRuntimeClasspath
androidx.compose.ui:ui:1.11.4=releaseRuntimeClasspath
androidx.compose:compose-bom:2026.06.01=releaseRuntimeClasspath
androidx.concurrent:concurrent-futures-ktx:1.1.0=releaseRuntimeClasspath
androidx.concurrent:concurrent-futures:1.1.0=releaseRuntimeClasspath
androidx.core:core-ktx:1.18.0=releaseRuntimeClasspath
androidx.core:core-viewtree:1.0.0=releaseRuntimeClasspath
androidx.core:core:1.18.0=releaseRuntimeClasspath
androidx.cursoradapter:cursoradapter:1.0.0=releaseRuntimeClasspath
androidx.customview:customview-poolingcontainer:1.0.0=releaseRuntimeClasspath
androidx.customview:customview:1.0.0=releaseRuntimeClasspath
androidx.datastore:datastore-android:1.2.1=releaseRuntimeClasspath
androidx.datastore:datastore-core-android:1.2.1=releaseRuntimeClasspath
androidx.datastore:datastore-core-okio-jvm:1.2.1=releaseRuntimeClasspath
androidx.datastore:datastore-core-okio:1.2.1=releaseRuntimeClasspath
androidx.datastore:datastore-core:1.2.1=releaseRuntimeClasspath
androidx.datastore:datastore-preferences-android:1.2.1=releaseRuntimeClasspath
androidx.datastore:datastore-preferences-core-android:1.2.1=releaseRuntimeClasspath
androidx.datastore:datastore-preferences-core:1.2.1=releaseRuntimeClasspath
androidx.datastore:datastore-preferences-external-protobuf:1.2.1=releaseRuntimeClasspath
androidx.datastore:datastore-preferences-proto:1.2.1=releaseRuntimeClasspath
androidx.datastore:datastore-preferences:1.2.1=releaseRuntimeClasspath
androidx.datastore:datastore:1.2.1=releaseRuntimeClasspath
androidx.documentfile:documentfile:1.0.0=releaseRuntimeClasspath
androidx.drawerlayout:drawerlayout:1.0.0=releaseRuntimeClasspath
androidx.dynamicanimation:dynamicanimation:1.0.0=releaseRuntimeClasspath
androidx.emoji2:emoji2-views-helper:1.4.0=releaseRuntimeClasspath
androidx.emoji2:emoji2:1.4.0=releaseRuntimeClasspath
androidx.fragment:fragment:1.8.9=releaseRuntimeClasspath
androidx.graphics:graphics-path:1.0.1=releaseRuntimeClasspath
androidx.hilt:hilt-lifecycle-viewmodel-compose:1.3.0=releaseRuntimeClasspath
androidx.hilt:hilt-lifecycle-viewmodel:1.3.0=releaseRuntimeClasspath
androidx.interpolator:interpolator:1.0.0=releaseRuntimeClasspath
androidx.legacy:legacy-support-core-utils:1.0.0=releaseRuntimeClasspath
androidx.lifecycle:lifecycle-common-java8:2.10.0=releaseRuntimeClasspath
androidx.lifecycle:lifecycle-common-jvm:2.10.0=releaseRuntimeClasspath
androidx.lifecycle:lifecycle-common:2.10.0=releaseRuntimeClasspath
androidx.lifecycle:lifecycle-livedata-core-ktx:2.10.0=releaseRuntimeClasspath
androidx.lifecycle:lifecycle-livedata-core:2.10.0=releaseRuntimeClasspath
androidx.lifecycle:lifecycle-livedata:2.10.0=releaseRuntimeClasspath
androidx.lifecycle:lifecycle-process:2.10.0=releaseRuntimeClasspath
androidx.lifecycle:lifecycle-runtime-android:2.10.0=releaseRuntimeClasspath
androidx.lifecycle:lifecycle-runtime-compose-android:2.10.0=releaseRuntimeClasspath
androidx.lifecycle:lifecycle-runtime-compose:2.10.0=releaseRuntimeClasspath
androidx.lifecycle:lifecycle-runtime-ktx-android:2.10.0=releaseRuntimeClasspath
androidx.lifecycle:lifecycle-runtime-ktx:2.10.0=releaseRuntimeClasspath
androidx.lifecycle:lifecycle-runtime:2.10.0=releaseRuntimeClasspath
androidx.lifecycle:lifecycle-service:2.10.0=releaseRuntimeClasspath
androidx.lifecycle:lifecycle-viewmodel-android:2.10.0=releaseRuntimeClasspath
androidx.lifecycle:lifecycle-viewmodel-compose-android:2.10.0=releaseRuntimeClasspath
androidx.lifecycle:lifecycle-viewmodel-compose:2.10.0=releaseRuntimeClasspath
androidx.lifecycle:lifecycle-viewmodel-ktx:2.10.0=releaseRuntimeClasspath
androidx.lifecycle:lifecycle-viewmodel-savedstate-android:2.10.0=releaseRuntimeClasspath
androidx.lifecycle:lifecycle-viewmodel-savedstate:2.10.0=releaseRuntimeClasspath
androidx.lifecycle:lifecycle-viewmodel:2.10.0=releaseRuntimeClasspath
androidx.loader:loader:1.0.0=releaseRuntimeClasspath
androidx.localbroadcastmanager:localbroadcastmanager:1.0.0=releaseRuntimeClasspath
androidx.navigationevent:navigationevent-android:1.0.0=releaseRuntimeClasspath
androidx.navigationevent:navigationevent-compose-android:1.0.0=releaseRuntimeClasspath
androidx.navigationevent:navigationevent-compose:1.0.0=releaseRuntimeClasspath
androidx.navigationevent:navigationevent:1.0.0=releaseRuntimeClasspath
androidx.print:print:1.0.0=releaseRuntimeClasspath
androidx.profileinstaller:profileinstaller:1.4.0=releaseRuntimeClasspath
androidx.resourceinspection:resourceinspection-annotation:1.0.1=releaseRuntimeClasspath
androidx.room:room-common-jvm:2.7.0=releaseRuntimeClasspath
androidx.room:room-common:2.7.0=releaseRuntimeClasspath
androidx.room:room-runtime-android:2.7.0=releaseRuntimeClasspath
androidx.room:room-runtime:2.7.0=releaseRuntimeClasspath
androidx.savedstate:savedstate-android:1.4.0=releaseRuntimeClasspath
androidx.savedstate:savedstate-compose-android:1.4.0=releaseRuntimeClasspath
androidx.savedstate:savedstate-compose:1.4.0=releaseRuntimeClasspath
androidx.savedstate:savedstate-ktx:1.4.0=releaseRuntimeClasspath
androidx.savedstate:savedstate:1.4.0=releaseRuntimeClasspath
androidx.sqlite:sqlite-android:2.5.2=releaseRuntimeClasspath
androidx.sqlite:sqlite-bundled-android:2.5.2=releaseRuntimeClasspath
androidx.sqlite:sqlite-bundled:2.5.2=releaseRuntimeClasspath
androidx.sqlite:sqlite-framework-android:2.5.2=releaseRuntimeClasspath
androidx.sqlite:sqlite-framework:2.5.2=releaseRuntimeClasspath
androidx.sqlite:sqlite:2.5.2=releaseRuntimeClasspath
androidx.startup:startup-runtime:1.2.0=releaseRuntimeClasspath
androidx.tracing:tracing-ktx:1.2.0=releaseRuntimeClasspath
androidx.tracing:tracing:1.2.0=releaseRuntimeClasspath
androidx.transition:transition:1.6.0=releaseRuntimeClasspath
androidx.vectordrawable:vectordrawable-animated:1.1.0=releaseRuntimeClasspath
androidx.vectordrawable:vectordrawable:1.1.0=releaseRuntimeClasspath
androidx.versionedparcelable:versionedparcelable:1.1.1=releaseRuntimeClasspath
androidx.viewpager:viewpager:1.0.0=releaseRuntimeClasspath
androidx.window:window-core-android:1.5.0=releaseRuntimeClasspath
androidx.window:window-core:1.5.0=releaseRuntimeClasspath
androidx.window:window:1.5.0=releaseRuntimeClasspath
androidx.work:work-runtime:2.11.2=releaseRuntimeClasspath
com.google.code.findbugs:jsr305:3.0.2=releaseRuntimeClasspath
com.google.code.gson:gson:2.10.1=releaseRuntimeClasspath
com.google.dagger:dagger-lint-aar:2.58=releaseRuntimeClasspath
com.google.dagger:dagger:2.58=releaseRuntimeClasspath
com.google.dagger:hilt-android:2.58=releaseRuntimeClasspath
com.google.dagger:hilt-core:2.58=releaseRuntimeClasspath
com.google.guava:listenablefuture:1.0=releaseRuntimeClasspath
com.jakewharton.timber:timber:5.0.1=releaseRuntimeClasspath
com.squareup.moshi:moshi-adapters:1.15.1=releaseRuntimeClasspath
com.squareup.moshi:moshi-kotlin:1.15.1=releaseRuntimeClasspath
com.squareup.moshi:moshi:1.15.1=releaseRuntimeClasspath
com.squareup.okhttp3:okhttp-android:5.3.2=releaseRuntimeClasspath
com.squareup.okhttp3:okhttp-bom:5.3.2=releaseRuntimeClasspath
com.squareup.okhttp3:okhttp:5.3.2=releaseRuntimeClasspath
com.squareup.okio:okio-jvm:3.16.4=releaseRuntimeClasspath
com.squareup.okio:okio:3.16.4=releaseRuntimeClasspath
com.stadiamaps.ferrostar:core:0.57.0=releaseRuntimeClasspath
com.stadiamaps:osrm-openapi:0.0.10=releaseRuntimeClasspath
io.github.rallista:valhalla-mobile:0.6.3=releaseRuntimeClasspath
io.github.rallista:valhalla-models-config:0.5.2=releaseRuntimeClasspath
io.github.rallista:valhalla-models:0.5.2=releaseRuntimeClasspath
jakarta.inject:jakarta.inject-api:2.0.1=releaseRuntimeClasspath
javax.inject:javax.inject:1=releaseRuntimeClasspath
net.java.dev.jna:jna:5.18.1=releaseRuntimeClasspath
org.jetbrains.kotlin:kotlin-reflect:1.8.21=releaseRuntimeClasspath
org.jetbrains.kotlin:kotlin-stdlib-jdk7:1.8.21=releaseRuntimeClasspath
org.jetbrains.kotlin:kotlin-stdlib-jdk8:1.8.21=releaseRuntimeClasspath
org.jetbrains.kotlin:kotlin-stdlib:2.3.20=releaseRuntimeClasspath
org.jetbrains.kotlinx:kotlinx-coroutines-android:1.11.0=releaseRuntimeClasspath
org.jetbrains.kotlinx:kotlinx-coroutines-bom:1.11.0=releaseRuntimeClasspath
org.jetbrains.kotlinx:kotlinx-coroutines-core-jvm:1.11.0=releaseRuntimeClasspath
org.jetbrains.kotlinx:kotlinx-coroutines-core:1.11.0=releaseRuntimeClasspath
org.jetbrains.kotlinx:kotlinx-datetime-jvm:0.8.0=releaseRuntimeClasspath
org.jetbrains.kotlinx:kotlinx-datetime:0.8.0=releaseRuntimeClasspath
org.jetbrains.kotlinx:kotlinx-serialization-bom:1.11.0=releaseRuntimeClasspath
org.jetbrains.kotlinx:kotlinx-serialization-core-jvm:1.11.0=releaseRuntimeClasspath
org.jetbrains.kotlinx:kotlinx-serialization-core:1.11.0=releaseRuntimeClasspath
org.jetbrains.kotlinx:kotlinx-serialization-json-jvm:1.11.0=releaseRuntimeClasspath
org.jetbrains.kotlinx:kotlinx-serialization-json:1.11.0=releaseRuntimeClasspath
org.jetbrains:annotations:23.0.0=releaseRuntimeClasspath
org.jspecify:jspecify:1.0.0=releaseRuntimeClasspath
org.maplibre.gl:android-sdk-geojson:6.0.1=releaseRuntimeClasspath
org.maplibre.gl:android-sdk-turf:6.0.1=releaseRuntimeClasspath
org.maplibre.gl:android-sdk:13.6.1=releaseRuntimeClasspath
org.maplibre.gl:maplibre-android-gestures:0.0.4=releaseRuntimeClasspath
empty=
